
Microsoft Visual Studio Solution File, Format Version 12.00
# Visual Studio Version 16
VisualStudioVersion = 16.0.31515.178
MinimumVisualStudioVersion = 10.0.40219.1
Project("{8BC9CEB8-8B4A-11D0-8D11-00A0C91BC942}") = "KeyLogger", "Src\KeyLogger\KeyLogger.vcxproj", "{0CE5C1E8-9CCF-488A-8B78-0309C24C4CF7}"
EndProject
Global
	GlobalSection(SolutionConfigurationPlatforms) = preSolution
		Debug|x64 = Debug|x64
		Debug|x86 = Debug|x86
		Release|x64 = Release|x64
		Release|x86 = Release|x86
	EndGlobalSection
	GlobalSection(ProjectConfigurationPlatforms) = postSolution
		{0CE5C1E8-9CCF-488A-8B78-0309C24C4CF7}.Debug|x64.ActiveCfg = Debug|x64
		{0CE5C1E8-9CCF-488A-8B78-0309C24C4CF7}.Debug|x64.Build.0 = Debug|x64
		{0CE5C1E8-9CCF-488A-8B78-0309C24C4CF7}.Debug|x86.ActiveCfg = Debug|Win32
		{0CE5C1E8-9CCF-488A-8B78-0309C24C4CF7}.Debug|x86.Build.0 = Debug|Win32
		{0CE5C1E8-9CCF-488A-8B78-0309C24C4CF7}.Release|x64.ActiveCfg = Release|x64
		{0CE5C1E8-9CCF-488A-8B78-0309C24C4CF7}.Release|x64.Build.0 = Release|x64
		{0CE5C1E8-9CCF-488A-8B78-0309C24C4CF7}.Release|x86.ActiveCfg = Release|Win32
		{0CE5C1E8-9CCF-488A-8B78-0309C24C4CF7}.Release|x86.Build.0 = Release|Win32
	EndGlobalSection
	GlobalSection(SolutionProperties) = preSolution
		HideSolutionNode = FALSE
	EndGlobalSection
	GlobalSection(ExtensibilityGlobals) = postSolution
		SolutionGuid = {9CFAAABB-D72D-4EA6-A581-B64E05A7A75F}
	EndGlobalSection
EndGlobal
